
Microsoft Visual Studio Solution File, Format Version 12.00
# Visual Studio 15
VisualStudioVersion = 15.0.28010.2050
MinimumVisualStudioVersion = 10.0.40219.1
Project("{FAE04EC0-301F-11D3-BF4B-00C04F79EFBC}") = "HostDemo", "HostDemo\HostDemo.csproj", "{1E802437-419B-4BBF-BB70-3203EF9E900E}"
EndProject
Global
	GlobalSection(SolutionConfigurationPlatforms) = preSolution
		Debug|Any CPU = Debug|Any CPU
		Release|Any CPU = Release|Any CPU
	EndGlobalSection
	GlobalSection(ProjectConfigurationPlatforms) = postSolution
		{1E802437-419B-4BBF-BB70-3203EF9E900E}.Debug|Any CPU.ActiveCfg = Debug|Any CPU
		{1E802437-419B-4BBF-BB70-3203EF9E900E}.Debug|Any CPU.Build.0 = Debug|Any CPU
		{1E802437-419B-4BBF-BB70-3203EF9E900E}.Release|Any CPU.ActiveCfg = Release|Any CPU
		{1E802437-419B-4BBF-BB70-3203EF9E900E}.Release|Any CPU.Build.0 = Release|Any CPU
	EndGlobalSection
	GlobalSection(SolutionProperties) = preSolution
		HideSolutionNode = FALSE
	EndGlobalSection
	GlobalSection(ExtensibilityGlobals) = postSolution
		SolutionGuid = {E1B9659B-5EFF-415F-A428-9E355096AC60}
	EndGlobalSection
EndGlobal
